
Microsoft Visual Studio Solution File, Format Version 12.00
# Visual Studio 15
VisualStudioVersion = 15.0.28010.2050
MinimumVisualStudioVersion = 10.0.40219.1
Project("{FAE04EC0-301F-11D3-BF4B-00C04F79EFBC}") = "Code_Exercise", "Code_Exercise\Code_Exercise.csproj", "{ACA67352-F841-448F-A0AC-32E583533C1E}"
EndProject
Global
	GlobalSection(SolutionConfigurationPlatforms) = preSolution
		Debug|Any CPU = Debug|Any CPU
		Release|Any CPU = Release|Any CPU
	EndGlobalSection
	GlobalSection(ProjectConfigurationPlatforms) = postSolution
		{ACA67352-F841-448F-A0AC-32E583533C1E}.Debug|Any CPU.ActiveCfg = Debug|Any CPU
		{ACA67352-F841-448F-A0AC-32E583533C1E}.Debug|Any CPU.Build.0 = Debug|Any CPU
		{ACA67352-F841-448F-A0AC-32E583533C1E}.Release|Any CPU.ActiveCfg = Release|Any CPU
		{ACA67352-F841-448F-A0AC-32E583533C1E}.Release|Any CPU.Build.0 = Release|Any CPU
	EndGlobalSection
	GlobalSection(SolutionProperties) = preSolution
		HideSolutionNode = FALSE
	EndGlobalSection
	GlobalSection(ExtensibilityGlobals) = postSolution
		SolutionGuid = {9D4418A8-1BC5-4FC7-A126-D59A892D22A7}
	EndGlobalSection
EndGlobal
